// !$*UTF8*$!
{
	archiveVersion = 1;
	classes = {
	};
	objectVersion = 50;
	objects = {

/* Begin PBXBuildFile section */
		DE6044CA25F08F7600EB4F2E /* AppDelegate.swift in Sources */ = {isa = PBXBuildFile; fileRef = DE6044C925F08F7600EB4F2E /* AppDelegate.swift */; };
		DE6044CC25F08F7600EB4F2E /* SceneDelegate.swift in Sources */ = {isa = PBXBuildFile; fileRef = DE6044CB25F08F7600EB4F2E /* SceneDelegate.swift */; };
		DE6044CE25F08F7600EB4F2E /* ViewController.swift in Sources */ = {isa = PBXBuildFile; fileRef = DE6044CD25F08F7600EB4F2E /* ViewController.swift */; };
		DE6044D125F08F7600EB4F2E /* Main.storyboard in Resources */ = {isa = PBXBuildFile; fileRef = DE6044CF25F08F7600EB4F2E /* Main.storyboard */; };
		DE6044D425F08F7600EB4F2E /* wordmemo.xcdatamodeld in Sources */ = {isa = PBXBuildFile; fileRef = DE6044D225F08F7600EB4F2E /* wordmemo.xcdatamodeld */; };
		DE6044D625F08F7700EB4F2E /* Assets.xcassets in Resources */ = {isa = PBXBuildFile; fileRef = DE6044D525F08F7700EB4F2E /* Assets.xcassets */; };
		DE6044D925F08F7700EB4F2E /* LaunchScreen.storyboard in Resources */ = {isa = PBXBuildFile; fileRef = DE6044D725F08F7700EB4F2E /* LaunchScreen.storyboard */; };
/* End PBXBuildFile section */

/* Begin PBXFileReference section */
		DE6044C625F08F7600EB4F2E /* wordmemo.app */ = {isa = PBXFileReference; explicitFileType = wrapper.application; includeInIndex = 0; path = wordmemo.app; sourceTree = BUILT_PRODUCTS_DIR; };
		DE6044C925F08F7600EB4F2E /* AppDelegate.swift */ = {isa = PBXFileReference; lastKnownFileType = sourcecode.swift; path = AppDelegate.swift; sourceTree = "<group>"; };
		DE6044CB25F08F7600EB4F2E /* SceneDelegate.swift */ = {isa = PBXFileReference; lastKnownFileType = sourcecode.swift; path = SceneDelegate.swift; sourceTree = "<group>"; };
		DE6044CD25F08F7600EB4F2E /* ViewController.swift */ = {isa = PBXFileReference; lastKnownFileType = sourcecode.swift; path = ViewController.swift; sourceTree = "<group>"; };
		DE6044D025F08F7600EB4F2E /* Base */ = {isa = PBXFileReference; lastKnownFileType = file.storyboard; name = Base; path = Base.lproj/Main.storyboard; sourceTree = "<group>"; };
		DE6044D325F08F7600EB4F2E /* wordmemo.xcdatamodel */ = {isa = PBXFileReference; lastKnownFileType = wrapper.xcdatamodel; path = wordmemo.xcdatamodel; sourceTree = "<group>"; };
		DE6044D525F08F7700EB4F2E /* Assets.xcassets */ = {isa = PBXFileReference; lastKnownFileType = folder.assetcatalog; path = Assets.xcassets; sourceTree = "<group>"; };
		DE6044D825F08F7700EB4F2E /* Base */ = {isa = PBXFileReference; lastKnownFileType = file.storyboard; name = Base; path = Base.lproj/LaunchScreen.storyboard; sourceTree = "<group>"; };
		DE6044DA25F08F7700EB4F2E /* Info.plist */ = {isa = PBXFileReference; lastKnownFileType = text.plist.xml; path = Info.plist; sourceTree = "<group>"; };
/* End PBXFileReference section */

/* Begin PBXFrameworksBuildPhase section */
		DE6044C325F08F7600EB4F2E /* Frameworks */ = {
			isa = PBXFrameworksBuildPhase;
			buildActionMask = 2147483647;
			files = (
			);
			runOnlyForDeploymentPostprocessing = 0;
		};
/* End PBXFrameworksBuildPhase section */

/* Begin PBXGroup section */
		DE6044BD25F08F7600EB4F2E = {
			isa = PBXGroup;
			children = (
				DE6044C825F08F7600EB4F2E /* wordmemo */,
				DE6044C725F08F7600EB4F2E /* Products */,
			);
			sourceTree = "<group>";
		};
		DE6044C725F08F7600EB4F2E /* Products */ = {
			isa = PBXGroup;
			children = (
				DE6044C625F08F7600EB4F2E /* wordmemo.app */,
			);
			name = Products;
			sourceTree = "<group>";
		};
		DE6044C825F08F7600EB4F2E /* wordmemo */ = {
			isa = PBXGroup;
			children = (
				DE6044C925F08F7600EB4F2E /* AppDelegate.swift */,
				DE6044CB25F08F7600EB4F2E /* SceneDelegate.swift */,
				DE6044CD25F08F7600EB4F2E /* ViewController.swift */,
				DE6044CF25F08F7600EB4F2E /* Main.storyboard */,
				DE6044D525F08F7700EB4F2E /* Assets.xcassets */,
				DE6044D725F08F7700EB4F2E /* LaunchScreen.storyboard */,
				DE6044DA25F08F7700EB4F2E /* Info.plist */,
				DE6044D225F08F7600EB4F2E /* wordmemo.xcdatamodeld */,
			);
			path = wordmemo;
			sourceTree = "<group>";
		};
/* End PBXGroup section */

/* Begin PBXNativeTarget section */
		DE6044C525F08F7600EB4F2E /* wordmemo */ = {
			isa = PBXNativeTarget;
			buildConfigurationList = DE6044DD25F08F7700EB4F2E /* Build configuration list for PBXNativeTarget "wordmemo" */;
			buildPhases = (
				DE6044C225F08F7600EB4F2E /* Sources */,
				DE6044C325F08F7600EB4F2E /* Frameworks */,
				DE6044C425F08F7600EB4F2E /* Resources */,
			);
			buildRules = (
			);
			dependencies = (
			);
			name = wordmemo;
			productName = wordmemo;
			productReference = DE6044C625F08F7600EB4F2E /* wordmemo.app */;
			productType = "com.apple.product-type.application";
		};
/* End PBXNativeTarget section */

/* Begin PBXProject section */
		DE6044BE25F08F7600EB4F2E /* Project object */ = {
			isa = PBXProject;
			attributes = {
				LastSwiftUpdateCheck = 1200;
				LastUpgradeCheck = 1200;
				TargetAttributes = {
					DE6044C525F08F7600EB4F2E = {
						CreatedOnToolsVersion = 12.0.1;
					};
				};
			};
			buildConfigurationList = DE6044C125F08F7600EB4F2E /* Build configuration list for PBXProject "wordmemo" */;
			compatibilityVersion = "Xcode 9.3";
			developmentRegion = en;
			hasScannedForEncodings = 0;
			knownRegions = (
				en,
				Base,
			);
			mainGroup = DE6044BD25F08F7600EB4F2E;
			productRefGroup = DE6044C725F08F7600EB4F2E /* Products */;
			projectDirPath = "";
			projectRoot = "";
			targets = (
				DE6044C525F08F7600EB4F2E /* wordmemo */,
			);
		};
/* End PBXProject section */

/* Begin PBXResourcesBuildPhase section */
		DE6044C425F08F7600EB4F2E /* Resources */ = {
			isa = PBXResourcesBuildPhase;
			buildActionMask = 2147483647;
			files = (
				DE6044D925F08F7700EB4F2E /* LaunchScreen.storyboard in Resources */,
				DE6044D625F08F7700EB4F2E /* Assets.xcassets in Resources */,
				DE6044D125F08F7600EB4F2E /* Main.storyboard in Resources */,
			);
			runOnlyForDeploymentPostprocessing = 0;
		};
/* End PBXResourcesBuildPhase section */

/* Begin PBXSourcesBuildPhase section */
		DE6044C225F08F7600EB4F2E /* Sources */ = {
			isa = PBXSourcesBuildPhase;
			buildActionMask = 2147483647;
			files = (
				DE6044CE25F08F7600EB4F2E /* ViewController.swift in Sources */,
				DE6044CA25F08F7600EB4F2E /* AppDelegate.swift in Sources */,
				DE6044CC25F08F7600EB4F2E /* SceneDelegate.swift in Sources */,
				DE6044D425F08F7600EB4F2E /* wordmemo.xcdatamodeld in Sources */,
			);
			runOnlyForDeploymentPostprocessing = 0;
		};
/* End PBXSourcesBuildPhase section */

/* Begin PBXVariantGroup section */
		DE6044CF25F08F7600EB4F2E /* Main.storyboard */ = {
			isa = PBXVariantGroup;
			children = (
				DE6044D025F08F7600EB4F2E /* Base */,
			);
			name = Main.storyboard;
			sourceTree = "<group>";
		};
		DE6044D725F08F7700EB4F2E /* LaunchScreen.storyboard */ = {
			isa = PBXVariantGroup;
			children = (
				DE6044D825F08F7700EB4F2E /* Base */,
			);
			name = LaunchScreen.storyboard;
			sourceTree = "<group>";
		};
/* End PBXVariantGroup section */

/* Begin XCBuildConfiguration section */
		DE6044DB25F08F7700EB4F2E /* Debug */ = {
			isa = XCBuildConfiguration;
			buildSettings = {
				ALWAYS_SEARCH_USER_PATHS = NO;
				CLANG_ANALYZER_NONNULL = YES;
				CLANG_ANALYZER_NUMBER_OBJECT_CONVERSION = YES_AGGRESSIVE;
				CLANG_CXX_LANGUAGE_STANDARD = "gnu++14";
				CLANG_CXX_LIBRARY = "libc++";
				CLANG_ENABLE_MODULES = YES;
				CLANG_ENABLE_OBJC_ARC = YES;
				CLANG_ENABLE_OBJC_WEAK = YES;
				CLANG_WARN_BLOCK_CAPTURE_AUTORELEASING = YES;
				CLANG_WARN_BOOL_CONVERSION = YES;
				CLANG_WARN_COMMA = YES;
				CLANG_WARN_CONSTANT_CONVERSION = YES;
				CLANG_WARN_DEPRECATED_OBJC_IMPLEMENTATIONS = YES;
				CLANG_WARN_DIRECT_OBJC_ISA_USAGE = YES_ERROR;
				CLANG_WARN_DOCUMENTATION_COMMENTS = YES;
				CLANG_WARN_EMPTY_BODY = YES;
				CLANG_WARN_ENUM_CONVERSION = YES;
				CLANG_WARN_INFINITE_RECURSION = YES;
				CLANG_WARN_INT_CONVERSION = YES;
				CLANG_WARN_NON_LITERAL_NULL_CONVERSION = YES;
				CLANG_WARN_OBJC_IMPLICIT_RETAIN_SELF = YES;
				CLANG_WARN_OBJC_LITERAL_CONVERSION = YES;
				CLANG_WARN_OBJC_ROOT_CLASS = YES_ERROR;
				CLANG_WARN_QUOTED_INCLUDE_IN_FRAMEWORK_HEADER = YES;
				CLANG_WARN_RANGE_LOOP_ANALYSIS = YES;
				CLANG_WARN_STRICT_PROTOTYPES = YES;
				CLANG_WARN_SUSPICIOUS_MOVE = YES;
				CLANG_WARN_UNGUARDED_AVAILABILITY = YES_AGGRESSIVE;
				CLANG_WARN_UNREACHABLE_CODE = YES;
				CLANG_WARN__DUPLICATE_METHOD_MATCH = YES;
				COPY_PHASE_STRIP = NO;
				DEBUG_INFORMATION_FORMAT = dwarf;
				ENABLE_STRICT_OBJC_MSGSEND = YES;
				ENABLE_TESTABILITY = YES;
				GCC_C_LANGUAGE_STANDARD = gnu11;
				GCC_DYNAMIC_NO_PIC = NO;
				GCC_NO_COMMON_BLOCKS = YES;
				GCC_OPTIMIZATION_LEVEL = 0;
				GCC_PREPROCESSOR_DEFINITIONS = (
					"DEBUG=1",
					"$(inherited)",
				);
				GCC_WARN_64_TO_32_BIT_CONVERSION = YES;
				GCC_WARN_ABOUT_RETURN_TYPE = YES_ERROR;
				GCC_WARN_UNDECLARED_SELECTOR = YES;
				GCC_WARN_UNINITIALIZED_AUTOS = YES_AGGRESSIVE;
				GCC_WARN_UNUSED_FUNCTION = YES;
				GCC_WARN_UNUSED_VARIABLE = YES;
				IPHONEOS_DEPLOYMENT_TARGET = 14.0;
				MTL_ENABLE_DEBUG_INFO = INCLUDE_SOURCE;
				MTL_FAST_MATH = YES;
				ONLY_ACTIVE_ARCH = YES;
				SDKROOT = iphoneos;
				SWIFT_ACTIVE_COMPILATION_CONDITIONS = DEBUG;
				SWIFT_OPTIMIZATION_LEVEL = "-Onone";
			};
			name = Debug;
		};
		DE6044DC25F08F7700EB4F2E /* Release */ = {
			isa = XCBuildConfiguration;
			buildSettings = {
				ALWAYS_SEARCH_USER_PATHS = NO;
				CLANG_ANALYZER_NONNULL = YES;
				CLANG_ANALYZER_NUMBER_OBJECT_CONVERSION = YES_AGGRESSIVE;
				CLANG_CXX_LANGUAGE_STANDARD = "gnu++14";
				CLANG_CXX_LIBRARY = "libc++";
				CLANG_ENABLE_MODULES = YES;
				CLANG_ENABLE_OBJC_ARC = YES;
				CLANG_ENABLE_OBJC_WEAK = YES;
				CLANG_WARN_BLOCK_CAPTURE_AUTORELEASING = YES;
				CLANG_WARN_BOOL_CONVERSION = YES;
				CLANG_WARN_COMMA = YES;
				CLANG_WARN_CONSTANT_CONVERSION = YES;
				CLANG_WARN_DEPRECATED_OBJC_IMPLEMENTATIONS = YES;
				CLANG_WARN_DIRECT_OBJC_ISA_USAGE = YES_ERROR;
				CLANG_WARN_DOCUMENTATION_COMMENTS = YES;
				CLANG_WARN_EMPTY_BODY = YES;
				CLANG_WARN_ENUM_CONVERSION = YES;
				CLANG_WARN_INFINITE_RECURSION = YES;
				CLANG_WARN_INT_CONVERSION = YES;
				CLANG_WARN_NON_LITERAL_NULL_CONVERSION = YES;
				CLANG_WARN_OBJC_IMPLICIT_RETAIN_SELF = YES;
				CLANG_WARN_OBJC_LITERAL_CONVERSION = YES;
				CLANG_WARN_OBJC_ROOT_CLASS = YES_ERROR;
				CLANG_WARN_QUOTED_INCLUDE_IN_FRAMEWORK_HEADER = YES;
				CLANG_WARN_RANGE_LOOP_ANALYSIS = YES;
				CLANG_WARN_STRICT_PROTOTYPES = YES;
				CLANG_WARN_SUSPICIOUS_MOVE = YES;
				CLANG_WARN_UNGUARDED_AVAILABILITY = YES_AGGRESSIVE;
				CLANG_WARN_UNREACHABLE_CODE = YES;
				CLANG_WARN__DUPLICATE_METHOD_MATCH = YES;
				COPY_PHASE_STRIP = NO;
				DEBUG_INFORMATION_FORMAT = "dwarf-with-dsym";
				ENABLE_NS_ASSERTIONS = NO;
				ENABLE_STRICT_OBJC_MSGSEND = YES;
				GCC_C_LANGUAGE_STANDARD = gnu11;
				GCC_NO_COMMON_BLOCKS = YES;
				GCC_WARN_64_TO_32_BIT_CONVERSION = YES;
				GCC_WARN_ABOUT_RETURN_TYPE = YES_ERROR;
				GCC_WARN_UNDECLARED_SELECTOR = YES;
				GCC_WARN_UNINITIALIZED_AUTOS = YES_AGGRESSIVE;
				GCC_WARN_UNUSED_FUNCTION = YES;
				GCC_WARN_UNUSED_VARIABLE = YES;
				IPHONEOS_DEPLOYMENT_TARGET = 14.0;
				MTL_ENABLE_DEBUG_INFO = NO;
				MTL_FAST_MATH = YES;
				SDKROOT = iphoneos;
				SWIFT_COMPILATION_MODE = wholemodule;
				SWIFT_OPTIMIZATION_LEVEL = "-O";
				VALIDATE_PRODUCT = YES;
			};
			name = Release;
		};
		DE6044DE25F08F7700EB4F2E /* Debug */ = {
			isa = XCBuildConfiguration;
			buildSettings = {
				ASSETCATALOG_COMPILER_APPICON_NAME = AppIcon;
				ASSETCATALOG_COMPILER_GLOBAL_ACCENT_COLOR_NAME = AccentColor;
				CODE_SIGN_STYLE = Automatic;
				DEVELOPMENT_TEAM = R224JS2W63;
				INFOPLIST_FILE = wordmemo/Info.plist;
				LD_RUNPATH_SEARCH_PATHS = (
					"$(inherited)",
					"@executable_path/Frameworks",
				);
				PRODUCT_BUNDLE_IDENTIFIER = com.waltz4debby.wordmemo;
				PRODUCT_NAME = "$(TARGET_NAME)";
				SWIFT_VERSION = 5.0;
				TARGETED_DEVICE_FAMILY = "1,2";
			};
			name = Debug;
		};
		DE6044DF25F08F7700EB4F2E /* Release */ = {
			isa = XCBuildConfiguration;
			buildSettings = {
				ASSETCATALOG_COMPILER_APPICON_NAME = AppIcon;
				ASSETCATALOG_COMPILER_GLOBAL_ACCENT_COLOR_NAME = AccentColor;
				CODE_SIGN_STYLE = Automatic;
				DEVELOPMENT_TEAM = R224JS2W63;
				INFOPLIST_FILE = wordmemo/Info.plist;
				LD_RUNPATH_SEARCH_PATHS = (
					"$(inherited)",
					"@executable_path/Frameworks",
				);
				PRODUCT_BUNDLE_IDENTIFIER = com.waltz4debby.wordmemo;
				PRODUCT_NAME = "$(TARGET_NAME)";
				SWIFT_VERSION = 5.0;
				TARGETED_DEVICE_FAMILY = "1,2";
			};
			name = Release;
		};
/* End XCBuildConfiguration section */

/* Begin XCConfigurationList section */
		DE6044C125F08F7600EB4F2E /* Build configuration list for PBXProject "wordmemo" */ = {
			isa = XCConfigurationList;
			buildConfigurations = (
				DE6044DB25F08F7700EB4F2E /* Debug */,
				DE6044DC25F08F7700EB4F2E /* Release */,
			);
			defaultConfigurationIsVisible = 0;
			defaultConfigurationName = Release;
		};
		DE6044DD25F08F7700EB4F2E /* Build configuration list for PBXNativeTarget "wordmemo" */ = {
			isa = XCConfigurationList;
			buildConfigurations = (
				DE6044DE25F08F7700EB4F2E /* Debug */,
				DE6044DF25F08F7700EB4F2E /* Release */,
			);
			defaultConfigurationIsVisible = 0;
			defaultConfigurationName = Release;
		};
/* End XCConfigurationList section */

/* Begin XCVersionGroup section */
		DE6044D225F08F7600EB4F2E /* wordmemo.xcdatamodeld */ = {
			isa = XCVersionGroup;
			children = (
				DE6044D325F08F7600EB4F2E /* wordmemo.xcdatamodel */,
			);
			currentVersion = DE6044D325F08F7600EB4F2E /* wordmemo.xcdatamodel */;
			path = wordmemo.xcdatamodeld;
			sourceTree = "<group>";
			versionGroupType = wrapper.xcdatamodel;
		};
/* End XCVersionGroup section */
	};
	rootObject = DE6044BE25F08F7600EB4F2E /* Project object */;
}
